
Microsoft Visual Studio Solution File, Format Version 12.00
# Visual Studio Version 17
VisualStudioVersion = 17.3.32811.315
MinimumVisualStudioVersion = 10.0.40219.1
Project("{FAE04EC0-301F-11D3-BF4B-00C04F79EFBC}") = "Products Managment", "Products Managment.csproj", "{28EDBAC9-C79F-4053-8030-897C823D1FE3}"
EndProject
Project("{FAE04EC0-301F-11D3-BF4B-00C04F79EFBC}") = "Products Managment_BusniessLayer", "..\Product Managment_BusniessLayer\Products Managment_BusniessLayer.csproj", "{E0037428-FE0A-4816-87EE-272E79B37884}"
EndProject
Project("{FAE04EC0-301F-11D3-BF4B-00C04F79EFBC}") = "Products Managment_DataAccessLayer", "..\Products Managment_DataAccessLayer\Products Managment_DataAccessLayer.csproj", "{997FF6FE-21CD-42E4-9336-0F4E6673C6A4}"
EndProject
Global
	GlobalSection(SolutionConfigurationPlatforms) = preSolution
		Debug|Any CPU = Debug|Any CPU
		Release|Any CPU = Release|Any CPU
	EndGlobalSection
	GlobalSection(ProjectConfigurationPlatforms) = postSolution
		{28EDBAC9-C79F-4053-8030-897C823D1FE3}.Debug|Any CPU.ActiveCfg = Debug|Any CPU
		{28EDBAC9-C79F-4053-8030-897C823D1FE3}.Debug|Any CPU.Build.0 = Debug|Any CPU
		{28EDBAC9-C79F-4053-8030-897C823D1FE3}.Release|Any CPU.ActiveCfg = Release|Any CPU
		{28EDBAC9-C79F-4053-8030-897C823D1FE3}.Release|Any CPU.Build.0 = Release|Any CPU
		{E0037428-FE0A-4816-87EE-272E79B37884}.Debug|Any CPU.ActiveCfg = Debug|Any CPU
		{E0037428-FE0A-4816-87EE-272E79B37884}.Debug|Any CPU.Build.0 = Debug|Any CPU
		{E0037428-FE0A-4816-87EE-272E79B37884}.Release|Any CPU.ActiveCfg = Release|Any CPU
		{E0037428-FE0A-4816-87EE-272E79B37884}.Release|Any CPU.Build.0 = Release|Any CPU
		{997FF6FE-21CD-42E4-9336-0F4E6673C6A4}.Debug|Any CPU.ActiveCfg = Debug|Any CPU
		{997FF6FE-21CD-42E4-9336-0F4E6673C6A4}.Debug|Any CPU.Build.0 = Debug|Any CPU
		{997FF6FE-21CD-42E4-9336-0F4E6673C6A4}.Release|Any CPU.ActiveCfg = Release|Any CPU
		{997FF6FE-21CD-42E4-9336-0F4E6673C6A4}.Release|Any CPU.Build.0 = Release|Any CPU
	EndGlobalSection
	GlobalSection(SolutionProperties) = preSolution
		HideSolutionNode = FALSE
	EndGlobalSection
	GlobalSection(ExtensibilityGlobals) = postSolution
		SolutionGuid = {B61230B3-64D3-4ED6-AA9C-BF07AA57AB4C}
	EndGlobalSection
EndGlobal
